
Microsoft Visual Studio Solution File, Format Version 12.00
# Visual Studio Version 17
VisualStudioVersion = 17.9.34728.123
MinimumVisualStudioVersion = 10.0.40219.1
Project("{FAE04EC0-301F-11D3-BF4B-00C04F79EFBC}") = "Rugal.OpenReport", "Rugal.OpenReport\Rugal.OpenReport.csproj", "{3B8EAB5A-F563-47B1-ACF1-2DC2CE49E395}"
EndProject
Project("{FAE04EC0-301F-11D3-BF4B-00C04F79EFBC}") = "Rugal.OpenReport.Test", "Rugal.OpenReport.Test\Rugal.OpenReport.Test.csproj", "{ED52C57F-1153-4A27-A229-487F228C0241}"
EndProject
Global
	GlobalSection(SolutionConfigurationPlatforms) = preSolution
		Debug|Any CPU = Debug|Any CPU
		Release|Any CPU = Release|Any CPU
	EndGlobalSection
	GlobalSection(ProjectConfigurationPlatforms) = postSolution
		{3B8EAB5A-F563-47B1-ACF1-2DC2CE49E395}.Debug|Any CPU.ActiveCfg = Debug|Any CPU
		{3B8EAB5A-F563-47B1-ACF1-2DC2CE49E395}.Debug|Any CPU.Build.0 = Debug|Any CPU
		{3B8EAB5A-F563-47B1-ACF1-2DC2CE49E395}.Release|Any CPU.ActiveCfg = Release|Any CPU
		{3B8EAB5A-F563-47B1-ACF1-2DC2CE49E395}.Release|Any CPU.Build.0 = Release|Any CPU
		{ED52C57F-1153-4A27-A229-487F228C0241}.Debug|Any CPU.ActiveCfg = Debug|Any CPU
		{ED52C57F-1153-4A27-A229-487F228C0241}.Debug|Any CPU.Build.0 = Debug|Any CPU
		{ED52C57F-1153-4A27-A229-487F228C0241}.Release|Any CPU.ActiveCfg = Release|Any CPU
		{ED52C57F-1153-4A27-A229-487F228C0241}.Release|Any CPU.Build.0 = Release|Any CPU
	EndGlobalSection
	GlobalSection(SolutionProperties) = preSolution
		HideSolutionNode = FALSE
	EndGlobalSection
	GlobalSection(ExtensibilityGlobals) = postSolution
		SolutionGuid = {E84CA2A5-EB62-4516-A278-B24AAF43BDED}
	EndGlobalSection
EndGlobal
